
Microsoft Visual Studio Solution File, Format Version 12.00
# Visual Studio Version 16
VisualStudioVersion = 16.0.30611.23
MinimumVisualStudioVersion = 10.0.40219.1
Project("{FAE04EC0-301F-11D3-BF4B-00C04F79EFBC}") = "Lab02", "Lab02.csproj", "{83B16E1C-7EE4-4932-811E-6FAEA97A233B}"
EndProject
Global
	GlobalSection(SolutionConfigurationPlatforms) = preSolution
		Debug|Any CPU = Debug|Any CPU
		Release|Any CPU = Release|Any CPU
	EndGlobalSection
	GlobalSection(ProjectConfigurationPlatforms) = postSolution
		{83B16E1C-7EE4-4932-811E-6FAEA97A233B}.Debug|Any CPU.ActiveCfg = Debug|Any CPU
		{83B16E1C-7EE4-4932-811E-6FAEA97A233B}.Debug|Any CPU.Build.0 = Debug|Any CPU
		{83B16E1C-7EE4-4932-811E-6FAEA97A233B}.Release|Any CPU.ActiveCfg = Release|Any CPU
		{83B16E1C-7EE4-4932-811E-6FAEA97A233B}.Release|Any CPU.Build.0 = Release|Any CPU
	EndGlobalSection
	GlobalSection(SolutionProperties) = preSolution
		HideSolutionNode = FALSE
	EndGlobalSection
	GlobalSection(ExtensibilityGlobals) = postSolution
		SolutionGuid = {96C38597-F4FD-4FF7-BC09-393102584640}
	EndGlobalSection
EndGlobal
